
Microsoft Visual Studio Solution File, Format Version 12.00
# Visual Studio Version 16
VisualStudioVersion = 16.0.31321.278
MinimumVisualStudioVersion = 10.0.40219.1
Project("{FAE04EC0-301F-11D3-BF4B-00C04F79EFBC}") = "WebAPI_TransportesVeloso", "WebAPI_TransportesVeloso\WebAPI_TransportesVeloso.csproj", "{7211D0AF-10E6-45E8-8676-F845C6640B42}"
EndProject
Global
	GlobalSection(SolutionConfigurationPlatforms) = preSolution
		Debug|Any CPU = Debug|Any CPU
		Release|Any CPU = Release|Any CPU
	EndGlobalSection
	GlobalSection(ProjectConfigurationPlatforms) = postSolution
		{7211D0AF-10E6-45E8-8676-F845C6640B42}.Debug|Any CPU.ActiveCfg = Debug|Any CPU
		{7211D0AF-10E6-45E8-8676-F845C6640B42}.Debug|Any CPU.Build.0 = Debug|Any CPU
		{7211D0AF-10E6-45E8-8676-F845C6640B42}.Release|Any CPU.ActiveCfg = Release|Any CPU
		{7211D0AF-10E6-45E8-8676-F845C6640B42}.Release|Any CPU.Build.0 = Release|Any CPU
	EndGlobalSection
	GlobalSection(SolutionProperties) = preSolution
		HideSolutionNode = FALSE
	EndGlobalSection
	GlobalSection(ExtensibilityGlobals) = postSolution
		SolutionGuid = {0AB745CC-B0AD-48CB-830E-1AF24086348A}
	EndGlobalSection
EndGlobal
